
Microsoft Visual Studio Solution File, Format Version 12.00
# Visual Studio 15
VisualStudioVersion = 15.0.28010.2046
MinimumVisualStudioVersion = 10.0.40219.1
Project("{8BC9CEB8-8B4A-11D0-8D11-00A0C91BC942}") = "ForLiberyMsftcon", "ForLiberyMsftcon\ForLiberyMsftcon.vcxproj", "{8568344E-D705-46BF-85C5-EB407D37F827}"
EndProject
Global
	GlobalSection(SolutionConfigurationPlatforms) = preSolution
		Debug|x64 = Debug|x64
		Debug|x86 = Debug|x86
		Release|x64 = Release|x64
		Release|x86 = Release|x86
	EndGlobalSection
	GlobalSection(ProjectConfigurationPlatforms) = postSolution
		{8568344E-D705-46BF-85C5-EB407D37F827}.Debug|x64.ActiveCfg = Debug|x64
		{8568344E-D705-46BF-85C5-EB407D37F827}.Debug|x64.Build.0 = Debug|x64
		{8568344E-D705-46BF-85C5-EB407D37F827}.Debug|x86.ActiveCfg = Debug|Win32
		{8568344E-D705-46BF-85C5-EB407D37F827}.Debug|x86.Build.0 = Debug|Win32
		{8568344E-D705-46BF-85C5-EB407D37F827}.Release|x64.ActiveCfg = Release|x64
		{8568344E-D705-46BF-85C5-EB407D37F827}.Release|x64.Build.0 = Release|x64
		{8568344E-D705-46BF-85C5-EB407D37F827}.Release|x86.ActiveCfg = Release|Win32
		{8568344E-D705-46BF-85C5-EB407D37F827}.Release|x86.Build.0 = Release|Win32
	EndGlobalSection
	GlobalSection(SolutionProperties) = preSolution
		HideSolutionNode = FALSE
	EndGlobalSection
	GlobalSection(ExtensibilityGlobals) = postSolution
		SolutionGuid = {EE94F3C9-69A5-4CAE-B560-755CA2F7F6CD}
	EndGlobalSection
EndGlobal
